
Microsoft Visual Studio Solution File, Format Version 12.00
# Visual Studio Version 17
VisualStudioVersion = 17.6.33815.320
MinimumVisualStudioVersion = 10.0.40219.1
Project("{FAE04EC0-301F-11D3-BF4B-00C04F79EFBC}") = "LineComparisonComputation", "LineComparisonComputation\LineComparisonComputation.csproj", "{757B1E52-1F09-4788-99C4-BA7E6E16B21D}"
EndProject
Global
	GlobalSection(SolutionConfigurationPlatforms) = preSolution
		Debug|Any CPU = Debug|Any CPU
		Release|Any CPU = Release|Any CPU
	EndGlobalSection
	GlobalSection(ProjectConfigurationPlatforms) = postSolution
		{757B1E52-1F09-4788-99C4-BA7E6E16B21D}.Debug|Any CPU.ActiveCfg = Debug|Any CPU
		{757B1E52-1F09-4788-99C4-BA7E6E16B21D}.Debug|Any CPU.Build.0 = Debug|Any CPU
		{757B1E52-1F09-4788-99C4-BA7E6E16B21D}.Release|Any CPU.ActiveCfg = Release|Any CPU
		{757B1E52-1F09-4788-99C4-BA7E6E16B21D}.Release|Any CPU.Build.0 = Release|Any CPU
	EndGlobalSection
	GlobalSection(SolutionProperties) = preSolution
		HideSolutionNode = FALSE
	EndGlobalSection
	GlobalSection(ExtensibilityGlobals) = postSolution
		SolutionGuid = {0353DA74-CD69-413C-9A55-EBE785B1B300}
	EndGlobalSection
EndGlobal
